
Microsoft Visual Studio Solution File, Format Version 12.00
# Visual Studio 2013
VisualStudioVersion = 12.0.31101.0
MinimumVisualStudioVersion = 10.0.40219.1
Project("{FAE04EC0-301F-11D3-BF4B-00C04F79EFBC}") = "CrossEntities", "CrossEntities\CrossEntities.csproj", "{0BA991E7-3F75-414E-98D0-9615DD8AAFA5}"
EndProject
Project("{FAE04EC0-301F-11D3-BF4B-00C04F79EFBC}") = "DataAccess", "DataAccess\DataAccess.csproj", "{CAEA5B2C-FB7E-4241-8DEE-72D86EF0D763}"
EndProject
Project("{FAE04EC0-301F-11D3-BF4B-00C04F79EFBC}") = "BussinessLogic", "BussinessLogic\BussinessLogic.csproj", "{285C1078-2E73-400A-AC27-21A75E82E831}"
EndProject
Project("{FAE04EC0-301F-11D3-BF4B-00C04F79EFBC}") = "UI- WebApplication", "UI\UI- WebApplication.csproj", "{191ADA89-10CA-40E8-BDC4-FACB3FAD7589}"
EndProject
Project("{FAE04EC0-301F-11D3-BF4B-00C04F79EFBC}") = "ABMProducts", "ABMProducts\ABMProducts.csproj", "{375B2C54-DF8C-4D62-B66C-3101E7A12ECA}"
EndProject
Global
	GlobalSection(SolutionConfigurationPlatforms) = preSolution
		Debug|Any CPU = Debug|Any CPU
		Release|Any CPU = Release|Any CPU
	EndGlobalSection
	GlobalSection(ProjectConfigurationPlatforms) = postSolution
		{0BA991E7-3F75-414E-98D0-9615DD8AAFA5}.Debug|Any CPU.ActiveCfg = Debug|Any CPU
		{0BA991E7-3F75-414E-98D0-9615DD8AAFA5}.Debug|Any CPU.Build.0 = Debug|Any CPU
		{0BA991E7-3F75-414E-98D0-9615DD8AAFA5}.Release|Any CPU.ActiveCfg = Release|Any CPU
		{0BA991E7-3F75-414E-98D0-9615DD8AAFA5}.Release|Any CPU.Build.0 = Release|Any CPU
		{CAEA5B2C-FB7E-4241-8DEE-72D86EF0D763}.Debug|Any CPU.ActiveCfg = Debug|Any CPU
		{CAEA5B2C-FB7E-4241-8DEE-72D86EF0D763}.Debug|Any CPU.Build.0 = Debug|Any CPU
		{CAEA5B2C-FB7E-4241-8DEE-72D86EF0D763}.Release|Any CPU.ActiveCfg = Release|Any CPU
		{CAEA5B2C-FB7E-4241-8DEE-72D86EF0D763}.Release|Any CPU.Build.0 = Release|Any CPU
		{285C1078-2E73-400A-AC27-21A75E82E831}.Debug|Any CPU.ActiveCfg = Debug|Any CPU
		{285C1078-2E73-400A-AC27-21A75E82E831}.Debug|Any CPU.Build.0 = Debug|Any CPU
		{285C1078-2E73-400A-AC27-21A75E82E831}.Release|Any CPU.ActiveCfg = Release|Any CPU
		{285C1078-2E73-400A-AC27-21A75E82E831}.Release|Any CPU.Build.0 = Release|Any CPU
		{191ADA89-10CA-40E8-BDC4-FACB3FAD7589}.Debug|Any CPU.ActiveCfg = Debug|Any CPU
		{191ADA89-10CA-40E8-BDC4-FACB3FAD7589}.Debug|Any CPU.Build.0 = Debug|Any CPU
		{191ADA89-10CA-40E8-BDC4-FACB3FAD7589}.Release|Any CPU.ActiveCfg = Release|Any CPU
		{191ADA89-10CA-40E8-BDC4-FACB3FAD7589}.Release|Any CPU.Build.0 = Release|Any CPU
		{375B2C54-DF8C-4D62-B66C-3101E7A12ECA}.Debug|Any CPU.ActiveCfg = Debug|Any CPU
		{375B2C54-DF8C-4D62-B66C-3101E7A12ECA}.Debug|Any CPU.Build.0 = Debug|Any CPU
		{375B2C54-DF8C-4D62-B66C-3101E7A12ECA}.Release|Any CPU.ActiveCfg = Release|Any CPU
		{375B2C54-DF8C-4D62-B66C-3101E7A12ECA}.Release|Any CPU.Build.0 = Release|Any CPU
	EndGlobalSection
	GlobalSection(SolutionProperties) = preSolution
		HideSolutionNode = FALSE
	EndGlobalSection
EndGlobal
